
Microsoft Visual Studio Solution File, Format Version 12.00
Project("{2150E333-8FDC-42A3-9474-1A3956D46DE8}") = "Solution Items", "Solution Items", "{435B2375-658F-45CF-94E8-85D6DAB4315C}"
	ProjectSection(SolutionItems) = preProject
		compose.yaml = compose.yaml
		.gitignore = .gitignore
	EndProjectSection
EndProject
Project("{2150E333-8FDC-42A3-9474-1A3956D46DE8}") = "ChatMePls.Lobby", "ChatMePls.Lobby", "{280ED5CA-5655-4AF1-BFB6-5A2B4F0804F3}"
EndProject
Project("{FAE04EC0-301F-11D3-BF4B-00C04F79EFBC}") = "ChatMePls.Lobby.Api", "ChatMePls.Lobby.Api\ChatMePls.Lobby.Api.csproj", "{2AC167E2-DA35-47FA-912A-B0E30841B723}"
EndProject
Project("{FAE04EC0-301F-11D3-BF4B-00C04F79EFBC}") = "ChatMePls.DefaultServices", "ChatMePls.DefaultServices\ChatMePls.DefaultServices.csproj", "{4646DEEE-E1F2-4286-86F6-1BBBC713B03B}"
EndProject
Global
	GlobalSection(SolutionConfigurationPlatforms) = preSolution
		Debug|Any CPU = Debug|Any CPU
		Release|Any CPU = Release|Any CPU
	EndGlobalSection
	GlobalSection(ProjectConfigurationPlatforms) = postSolution
		{2AC167E2-DA35-47FA-912A-B0E30841B723}.Debug|Any CPU.ActiveCfg = Debug|Any CPU
		{2AC167E2-DA35-47FA-912A-B0E30841B723}.Debug|Any CPU.Build.0 = Debug|Any CPU
		{2AC167E2-DA35-47FA-912A-B0E30841B723}.Release|Any CPU.ActiveCfg = Release|Any CPU
		{2AC167E2-DA35-47FA-912A-B0E30841B723}.Release|Any CPU.Build.0 = Release|Any CPU
		{4646DEEE-E1F2-4286-86F6-1BBBC713B03B}.Debug|Any CPU.ActiveCfg = Debug|Any CPU
		{4646DEEE-E1F2-4286-86F6-1BBBC713B03B}.Debug|Any CPU.Build.0 = Debug|Any CPU
		{4646DEEE-E1F2-4286-86F6-1BBBC713B03B}.Release|Any CPU.ActiveCfg = Release|Any CPU
		{4646DEEE-E1F2-4286-86F6-1BBBC713B03B}.Release|Any CPU.Build.0 = Release|Any CPU
	EndGlobalSection
	GlobalSection(NestedProjects) = preSolution
		{2AC167E2-DA35-47FA-912A-B0E30841B723} = {280ED5CA-5655-4AF1-BFB6-5A2B4F0804F3}
	EndGlobalSection
EndGlobal
